// !$*UTF8*$!
{
	archiveVersion = 1;
	classes = {
	};
	objectVersion = 50;
	objects = {

/* Begin PBXBuildFile section */
		9621975F218243E1008CBA15 /* AppDelegate.swift in Sources */ = {isa = PBXBuildFile; fileRef = 9621975E218243E1008CBA15 /* AppDelegate.swift */; };
		96219761218243E1008CBA15 /* ViewController.swift in Sources */ = {isa = PBXBuildFile; fileRef = 96219760218243E1008CBA15 /* ViewController.swift */; };
		96219764218243E1008CBA15 /* Main.storyboard in Resources */ = {isa = PBXBuildFile; fileRef = 96219762218243E1008CBA15 /* Main.storyboard */; };
		96219766218243E2008CBA15 /* Assets.xcassets in Resources */ = {isa = PBXBuildFile; fileRef = 96219765218243E2008CBA15 /* Assets.xcassets */; };
		96219769218243E2008CBA15 /* LaunchScreen.storyboard in Resources */ = {isa = PBXBuildFile; fileRef = 96219767218243E2008CBA15 /* LaunchScreen.storyboard */; };
		96219774218243E2008CBA15 /* tipCalcTests.swift in Sources */ = {isa = PBXBuildFile; fileRef = 96219773218243E2008CBA15 /* tipCalcTests.swift */; };
		9621977F218243E3008CBA15 /* tipCalcUITests.swift in Sources */ = {isa = PBXBuildFile; fileRef = 9621977E218243E2008CBA15 /* tipCalcUITests.swift */; };
		963326AF218E1EDB008258C6 /* Silom.ttf in Resources */ = {isa = PBXBuildFile; fileRef = 963326AE218E1EDB008258C6 /* Silom.ttf */; };
		966E7F0D21C04462004087EF /* ThemeProtocol.swift in Sources */ = {isa = PBXBuildFile; fileRef = 966E7F0C21C04462004087EF /* ThemeProtocol.swift */; };
		966E7F0F21C04596004087EF /* LightTheme.swift in Sources */ = {isa = PBXBuildFile; fileRef = 966E7F0E21C04596004087EF /* LightTheme.swift */; };
		966E7F1121C045A2004087EF /* DarkTheme.swift in Sources */ = {isa = PBXBuildFile; fileRef = 966E7F1021C045A2004087EF /* DarkTheme.swift */; };
		966E7F1421C0D151004087EF /* SettingsViewController.storyboard in Resources */ = {isa = PBXBuildFile; fileRef = 966E7F1221C0D151004087EF /* SettingsViewController.storyboard */; };
		9699896F2183A59800FAF4C3 /* SettingsViewController.swift in Sources */ = {isa = PBXBuildFile; fileRef = 9699896E2183A59800FAF4C3 /* SettingsViewController.swift */; };
		96A1D1D921ACDBB5008C12BA /* Colors.xcassets in Resources */ = {isa = PBXBuildFile; fileRef = 96A1D1D821ACDBB5008C12BA /* Colors.xcassets */; };
		96F4DF7A2189645200671CB5 /* Theme.swift in Sources */ = {isa = PBXBuildFile; fileRef = 96F4DF792189645200671CB5 /* Theme.swift */; };
/* End PBXBuildFile section */

/* Begin PBXContainerItemProxy section */
		96219770218243E2008CBA15 /* PBXContainerItemProxy */ = {
			isa = PBXContainerItemProxy;
			containerPortal = 96219753218243E1008CBA15 /* Project object */;
			proxyType = 1;
			remoteGlobalIDString = 9621975A218243E1008CBA15;
			remoteInfo = tipCalc;
		};
		9621977B218243E2008CBA15 /* PBXContainerItemProxy */ = {
			isa = PBXContainerItemProxy;
			containerPortal = 96219753218243E1008CBA15 /* Project object */;
			proxyType = 1;
			remoteGlobalIDString = 9621975A218243E1008CBA15;
			remoteInfo = tipCalc;
		};
/* End PBXContainerItemProxy section */

/* Begin PBXFileReference section */
		9621975B218243E1008CBA15 /* tipCalc.app */ = {isa = PBXFileReference; explicitFileType = wrapper.application; includeInIndex = 0; path = tipCalc.app; sourceTree = BUILT_PRODUCTS_DIR; };
		9621975E218243E1008CBA15 /* AppDelegate.swift */ = {isa = PBXFileReference; lastKnownFileType = sourcecode.swift; path = AppDelegate.swift; sourceTree = "<group>"; };
		96219760218243E1008CBA15 /* ViewController.swift */ = {isa = PBXFileReference; lastKnownFileType = sourcecode.swift; path = ViewController.swift; sourceTree = "<group>"; };
		96219763218243E1008CBA15 /* Base */ = {isa = PBXFileReference; lastKnownFileType = file.storyboard; name = Base; path = Base.lproj/Main.storyboard; sourceTree = "<group>"; };
		96219765218243E2008CBA15 /* Assets.xcassets */ = {isa = PBXFileReference; lastKnownFileType = folder.assetcatalog; path = Assets.xcassets; sourceTree = "<group>"; };
		96219768218243E2008CBA15 /* Base */ = {isa = PBXFileReference; lastKnownFileType = file.storyboard; name = Base; path = Base.lproj/LaunchScreen.storyboard; sourceTree = "<group>"; };
		9621976A218243E2008CBA15 /* Info.plist */ = {isa = PBXFileReference; lastKnownFileType = text.plist.xml; path = Info.plist; sourceTree = "<group>"; };
		9621976F218243E2008CBA15 /* tipCalcTests.xctest */ = {isa = PBXFileReference; explicitFileType = wrapper.cfbundle; includeInIndex = 0; path = tipCalcTests.xctest; sourceTree = BUILT_PRODUCTS_DIR; };
		96219773218243E2008CBA15 /* tipCalcTests.swift */ = {isa = PBXFileReference; lastKnownFileType = sourcecode.swift; path = tipCalcTests.swift; sourceTree = "<group>"; };
		96219775218243E2008CBA15 /* Info.plist */ = {isa = PBXFileReference; lastKnownFileType = text.plist.xml; path = Info.plist; sourceTree = "<group>"; };
		9621977A218243E2008CBA15 /* tipCalcUITests.xctest */ = {isa = PBXFileReference; explicitFileType = wrapper.cfbundle; includeInIndex = 0; path = tipCalcUITests.xctest; sourceTree = BUILT_PRODUCTS_DIR; };
		9621977E218243E2008CBA15 /* tipCalcUITests.swift */ = {isa = PBXFileReference; lastKnownFileType = sourcecode.swift; path = tipCalcUITests.swift; sourceTree = "<group>"; };
		96219780218243E3008CBA15 /* Info.plist */ = {isa = PBXFileReference; lastKnownFileType = text.plist.xml; path = Info.plist; sourceTree = "<group>"; };
		963326AE218E1EDB008258C6 /* Silom.ttf */ = {isa = PBXFileReference; lastKnownFileType = file; path = Silom.ttf; sourceTree = "<group>"; };
		966E7F0C21C04462004087EF /* ThemeProtocol.swift */ = {isa = PBXFileReference; lastKnownFileType = sourcecode.swift; path = ThemeProtocol.swift; sourceTree = "<group>"; };
		966E7F0E21C04596004087EF /* LightTheme.swift */ = {isa = PBXFileReference; lastKnownFileType = sourcecode.swift; path = LightTheme.swift; sourceTree = "<group>"; };
		966E7F1021C045A2004087EF /* DarkTheme.swift */ = {isa = PBXFileReference; lastKnownFileType = sourcecode.swift; path = DarkTheme.swift; sourceTree = "<group>"; };
		966E7F1321C0D151004087EF /* Base */ = {isa = PBXFileReference; lastKnownFileType = file.storyboard; name = Base; path = tipCalc/Base.lproj/SettingsViewController.storyboard; sourceTree = "<group>"; };
		9699896E2183A59800FAF4C3 /* SettingsViewController.swift */ = {isa = PBXFileReference; lastKnownFileType = sourcecode.swift; path = SettingsViewController.swift; sourceTree = "<group>"; };
		96A1D1D821ACDBB5008C12BA /* Colors.xcassets */ = {isa = PBXFileReference; lastKnownFileType = folder.assetcatalog; path = Colors.xcassets; sourceTree = "<group>"; };
		96F4DF792189645200671CB5 /* Theme.swift */ = {isa = PBXFileReference; lastKnownFileType = sourcecode.swift; path = Theme.swift; sourceTree = "<group>"; };
/* End PBXFileReference section */

/* Begin PBXFrameworksBuildPhase section */
		96219758218243E1008CBA15 /* Frameworks */ = {
			isa = PBXFrameworksBuildPhase;
			buildActionMask = 2147483647;
			files = (
			);
			runOnlyForDeploymentPostprocessing = 0;
		};
		9621976C218243E2008CBA15 /* Frameworks */ = {
			isa = PBXFrameworksBuildPhase;
			buildActionMask = 2147483647;
			files = (
			);
			runOnlyForDeploymentPostprocessing = 0;
		};
		96219777218243E2008CBA15 /* Frameworks */ = {
			isa = PBXFrameworksBuildPhase;
			buildActionMask = 2147483647;
			files = (
			);
			runOnlyForDeploymentPostprocessing = 0;
		};
/* End PBXFrameworksBuildPhase section */

/* Begin PBXGroup section */
		96219752218243E1008CBA15 = {
			isa = PBXGroup;
			children = (
				9621975D218243E1008CBA15 /* tipCalc */,
				96219772218243E2008CBA15 /* tipCalcTests */,
				9621977D218243E2008CBA15 /* tipCalcUITests */,
				9621975C218243E1008CBA15 /* Products */,
			);
			sourceTree = "<group>";
		};
		9621975C218243E1008CBA15 /* Products */ = {
			isa = PBXGroup;
			children = (
				9621975B218243E1008CBA15 /* tipCalc.app */,
				9621976F218243E2008CBA15 /* tipCalcTests.xctest */,
				9621977A218243E2008CBA15 /* tipCalcUITests.xctest */,
			);
			name = Products;
			sourceTree = "<group>";
		};
		9621975D218243E1008CBA15 /* tipCalc */ = {
			isa = PBXGroup;
			children = (
				96F4DF782189642E00671CB5 /* Resources */,
				966E7F1521C0D252004087EF /* Views */,
				9621975E218243E1008CBA15 /* AppDelegate.swift */,
				96219765218243E2008CBA15 /* Assets.xcassets */,
				96219767218243E2008CBA15 /* LaunchScreen.storyboard */,
				9621976A218243E2008CBA15 /* Info.plist */,
			);
			path = tipCalc;
			sourceTree = "<group>";
		};
		96219772218243E2008CBA15 /* tipCalcTests */ = {
			isa = PBXGroup;
			children = (
				96219773218243E2008CBA15 /* tipCalcTests.swift */,
				96219775218243E2008CBA15 /* Info.plist */,
			);
			path = tipCalcTests;
			sourceTree = "<group>";
		};
		9621977D218243E2008CBA15 /* tipCalcUITests */ = {
			isa = PBXGroup;
			children = (
				9621977E218243E2008CBA15 /* tipCalcUITests.swift */,
				96219780218243E3008CBA15 /* Info.plist */,
			);
			path = tipCalcUITests;
			sourceTree = "<group>";
		};
		966E7F0B21C043A9004087EF /* Theme */ = {
			isa = PBXGroup;
			children = (
				96F4DF792189645200671CB5 /* Theme.swift */,
				966E7F0C21C04462004087EF /* ThemeProtocol.swift */,
				966E7F0E21C04596004087EF /* LightTheme.swift */,
				966E7F1021C045A2004087EF /* DarkTheme.swift */,
			);
			path = Theme;
			sourceTree = "<group>";
		};
		966E7F1521C0D252004087EF /* Views */ = {
			isa = PBXGroup;
			children = (
				96219760218243E1008CBA15 /* ViewController.swift */,
				96219762218243E1008CBA15 /* Main.storyboard */,
				966E7F1221C0D151004087EF /* SettingsViewController.storyboard */,
				9699896E2183A59800FAF4C3 /* SettingsViewController.swift */,
			);
			path = Views;
			sourceTree = "<group>";
		};
		96F4DF782189642E00671CB5 /* Resources */ = {
			isa = PBXGroup;
			children = (
				966E7F0B21C043A9004087EF /* Theme */,
				963326AE218E1EDB008258C6 /* Silom.ttf */,
				96A1D1D821ACDBB5008C12BA /* Colors.xcassets */,
			);
			path = Resources;
			sourceTree = "<group>";
		};
/* End PBXGroup section */

/* Begin PBXNativeTarget section */
		9621975A218243E1008CBA15 /* tipCalc */ = {
			isa = PBXNativeTarget;
			buildConfigurationList = 96219783218243E3008CBA15 /* Build configuration list for PBXNativeTarget "tipCalc" */;
			buildPhases = (
				96219757218243E1008CBA15 /* Sources */,
				96219758218243E1008CBA15 /* Frameworks */,
				96219759218243E1008CBA15 /* Resources */,
			);
			buildRules = (
			);
			dependencies = (
			);
			name = tipCalc;
			productName = tipCalc;
			productReference = 9621975B218243E1008CBA15 /* tipCalc.app */;
			productType = "com.apple.product-type.application";
		};
		9621976E218243E2008CBA15 /* tipCalcTests */ = {
			isa = PBXNativeTarget;
			buildConfigurationList = 96219786218243E3008CBA15 /* Build configuration list for PBXNativeTarget "tipCalcTests" */;
			buildPhases = (
				9621976B218243E2008CBA15 /* Sources */,
				9621976C218243E2008CBA15 /* Frameworks */,
				9621976D218243E2008CBA15 /* Resources */,
			);
			buildRules = (
			);
			dependencies = (
				96219771218243E2008CBA15 /* PBXTargetDependency */,
			);
			name = tipCalcTests;
			productName = tipCalcTests;
			productReference = 9621976F218243E2008CBA15 /* tipCalcTests.xctest */;
			productType = "com.apple.product-type.bundle.unit-test";
		};
		96219779218243E2008CBA15 /* tipCalcUITests */ = {
			isa = PBXNativeTarget;
			buildConfigurationList = 96219789218243E3008CBA15 /* Build configuration list for PBXNativeTarget "tipCalcUITests" */;
			buildPhases = (
				96219776218243E2008CBA15 /* Sources */,
				96219777218243E2008CBA15 /* Frameworks */,
				96219778218243E2008CBA15 /* Resources */,
			);
			buildRules = (
			);
			dependencies = (
				9621977C218243E2008CBA15 /* PBXTargetDependency */,
			);
			name = tipCalcUITests;
			productName = tipCalcUITests;
			productReference = 9621977A218243E2008CBA15 /* tipCalcUITests.xctest */;
			productType = "com.apple.product-type.bundle.ui-testing";
		};
/* End PBXNativeTarget section */

/* Begin PBXProject section */
		96219753218243E1008CBA15 /* Project object */ = {
			isa = PBXProject;
			attributes = {
				LastSwiftUpdateCheck = 1000;
				LastUpgradeCheck = 1000;
				ORGANIZATIONNAME = "Akash Gheewala";
				TargetAttributes = {
					9621975A218243E1008CBA15 = {
						CreatedOnToolsVersion = 10.0;
					};
					9621976E218243E2008CBA15 = {
						CreatedOnToolsVersion = 10.0;
						TestTargetID = 9621975A218243E1008CBA15;
					};
					96219779218243E2008CBA15 = {
						CreatedOnToolsVersion = 10.0;
						TestTargetID = 9621975A218243E1008CBA15;
					};
				};
			};
			buildConfigurationList = 96219756218243E1008CBA15 /* Build configuration list for PBXProject "tipCalc" */;
			compatibilityVersion = "Xcode 9.3";
			developmentRegion = en;
			hasScannedForEncodings = 0;
			knownRegions = (
				en,
				Base,
			);
			mainGroup = 96219752218243E1008CBA15;
			productRefGroup = 9621975C218243E1008CBA15 /* Products */;
			projectDirPath = "";
			projectRoot = "";
			targets = (
				9621975A218243E1008CBA15 /* tipCalc */,
				9621976E218243E2008CBA15 /* tipCalcTests */,
				96219779218243E2008CBA15 /* tipCalcUITests */,
			);
		};
/* End PBXProject section */

/* Begin PBXResourcesBuildPhase section */
		96219759218243E1008CBA15 /* Resources */ = {
			isa = PBXResourcesBuildPhase;
			buildActionMask = 2147483647;
			files = (
				96A1D1D921ACDBB5008C12BA /* Colors.xcassets in Resources */,
				96219769218243E2008CBA15 /* LaunchScreen.storyboard in Resources */,
				963326AF218E1EDB008258C6 /* Silom.ttf in Resources */,
				96219766218243E2008CBA15 /* Assets.xcassets in Resources */,
				966E7F1421C0D151004087EF /* SettingsViewController.storyboard in Resources */,
				96219764218243E1008CBA15 /* Main.storyboard in Resources */,
			);
			runOnlyForDeploymentPostprocessing = 0;
		};
		9621976D218243E2008CBA15 /* Resources */ = {
			isa = PBXResourcesBuildPhase;
			buildActionMask = 2147483647;
			files = (
			);
			runOnlyForDeploymentPostprocessing = 0;
		};
		96219778218243E2008CBA15 /* Resources */ = {
			isa = PBXResourcesBuildPhase;
			buildActionMask = 2147483647;
			files = (
			);
			runOnlyForDeploymentPostprocessing = 0;
		};
/* End PBXResourcesBuildPhase section */

/* Begin PBXSourcesBuildPhase section */
		96219757218243E1008CBA15 /* Sources */ = {
			isa = PBXSourcesBuildPhase;
			buildActionMask = 2147483647;
			files = (
				966E7F0D21C04462004087EF /* ThemeProtocol.swift in Sources */,
				96219761218243E1008CBA15 /* ViewController.swift in Sources */,
				96F4DF7A2189645200671CB5 /* Theme.swift in Sources */,
				9621975F218243E1008CBA15 /* AppDelegate.swift in Sources */,
				966E7F0F21C04596004087EF /* LightTheme.swift in Sources */,
				966E7F1121C045A2004087EF /* DarkTheme.swift in Sources */,
				9699896F2183A59800FAF4C3 /* SettingsViewController.swift in Sources */,
			);
			runOnlyForDeploymentPostprocessing = 0;
		};
		9621976B218243E2008CBA15 /* Sources */ = {
			isa = PBXSourcesBuildPhase;
			buildActionMask = 2147483647;
			files = (
				96219774218243E2008CBA15 /* tipCalcTests.swift in Sources */,
			);
			runOnlyForDeploymentPostprocessing = 0;
		};
		96219776218243E2008CBA15 /* Sources */ = {
			isa = PBXSourcesBuildPhase;
			buildActionMask = 2147483647;
			files = (
				9621977F218243E3008CBA15 /* tipCalcUITests.swift in Sources */,
			);
			runOnlyForDeploymentPostprocessing = 0;
		};
/* End PBXSourcesBuildPhase section */

/* Begin PBXTargetDependency section */
		96219771218243E2008CBA15 /* PBXTargetDependency */ = {
			isa = PBXTargetDependency;
			target = 9621975A218243E1008CBA15 /* tipCalc */;
			targetProxy = 96219770218243E2008CBA15 /* PBXContainerItemProxy */;
		};
		9621977C218243E2008CBA15 /* PBXTargetDependency */ = {
			isa = PBXTargetDependency;
			target = 9621975A218243E1008CBA15 /* tipCalc */;
			targetProxy = 9621977B218243E2008CBA15 /* PBXContainerItemProxy */;
		};
/* End PBXTargetDependency section */

/* Begin PBXVariantGroup section */
		96219762218243E1008CBA15 /* Main.storyboard */ = {
			isa = PBXVariantGroup;
			children = (
				96219763218243E1008CBA15 /* Base */,
			);
			name = Main.storyboard;
			sourceTree = "<group>";
		};
		96219767218243E2008CBA15 /* LaunchScreen.storyboard */ = {
			isa = PBXVariantGroup;
			children = (
				96219768218243E2008CBA15 /* Base */,
			);
			name = LaunchScreen.storyboard;
			sourceTree = "<group>";
		};
		966E7F1221C0D151004087EF /* SettingsViewController.storyboard */ = {
			isa = PBXVariantGroup;
			children = (
				966E7F1321C0D151004087EF /* Base */,
			);
			name = SettingsViewController.storyboard;
			sourceTree = "<group>";
		};
/* End PBXVariantGroup section */

/* Begin XCBuildConfiguration section */
		96219781218243E3008CBA15 /* Debug */ = {
			isa = XCBuildConfiguration;
			buildSettings = {
				ALWAYS_SEARCH_USER_PATHS = NO;
				CLANG_ANALYZER_NONNULL = YES;
				CLANG_ANALYZER_NUMBER_OBJECT_CONVERSION = YES_AGGRESSIVE;
				CLANG_CXX_LANGUAGE_STANDARD = "gnu++14";
				CLANG_CXX_LIBRARY = "libc++";
				CLANG_ENABLE_MODULES = YES;
				CLANG_ENABLE_OBJC_ARC = YES;
				CLANG_ENABLE_OBJC_WEAK = YES;
				CLANG_WARN_BLOCK_CAPTURE_AUTORELEASING = YES;
				CLANG_WARN_BOOL_CONVERSION = YES;
				CLANG_WARN_COMMA = YES;
				CLANG_WARN_CONSTANT_CONVERSION = YES;
				CLANG_WARN_DEPRECATED_OBJC_IMPLEMENTATIONS = YES;
				CLANG_WARN_DIRECT_OBJC_ISA_USAGE = YES_ERROR;
				CLANG_WARN_DOCUMENTATION_COMMENTS = YES;
				CLANG_WARN_EMPTY_BODY = YES;
				CLANG_WARN_ENUM_CONVERSION = YES;
				CLANG_WARN_INFINITE_RECURSION = YES;
				CLANG_WARN_INT_CONVERSION = YES;
				CLANG_WARN_NON_LITERAL_NULL_CONVERSION = YES;
				CLANG_WARN_OBJC_IMPLICIT_RETAIN_SELF = YES;
				CLANG_WARN_OBJC_LITERAL_CONVERSION = YES;
				CLANG_WARN_OBJC_ROOT_CLASS = YES_ERROR;
				CLANG_WARN_RANGE_LOOP_ANALYSIS = YES;
				CLANG_WARN_STRICT_PROTOTYPES = YES;
				CLANG_WARN_SUSPICIOUS_MOVE = YES;
				CLANG_WARN_UNGUARDED_AVAILABILITY = YES_AGGRESSIVE;
				CLANG_WARN_UNREACHABLE_CODE = YES;
				CLANG_WARN__DUPLICATE_METHOD_MATCH = YES;
				CODE_SIGN_IDENTITY = "iPhone Developer";
				COPY_PHASE_STRIP = NO;
				DEBUG_INFORMATION_FORMAT = dwarf;
				ENABLE_STRICT_OBJC_MSGSEND = YES;
				ENABLE_TESTABILITY = YES;
				GCC_C_LANGUAGE_STANDARD = gnu11;
				GCC_DYNAMIC_NO_PIC = NO;
				GCC_NO_COMMON_BLOCKS = YES;
				GCC_OPTIMIZATION_LEVEL = 0;
				GCC_PREPROCESSOR_DEFINITIONS = (
					"DEBUG=1",
					"$(inherited)",
				);
				GCC_WARN_64_TO_32_BIT_CONVERSION = YES;
				GCC_WARN_ABOUT_RETURN_TYPE = YES_ERROR;
				GCC_WARN_UNDECLARED_SELECTOR = YES;
				GCC_WARN_UNINITIALIZED_AUTOS = YES_AGGRESSIVE;
				GCC_WARN_UNUSED_FUNCTION = YES;
				GCC_WARN_UNUSED_VARIABLE = YES;
				IPHONEOS_DEPLOYMENT_TARGET = 12.0;
				MTL_ENABLE_DEBUG_INFO = INCLUDE_SOURCE;
				MTL_FAST_MATH = YES;
				ONLY_ACTIVE_ARCH = YES;
				SDKROOT = iphoneos;
				SWIFT_ACTIVE_COMPILATION_CONDITIONS = DEBUG;
				SWIFT_OPTIMIZATION_LEVEL = "-Onone";
			};
			name = Debug;
		};
		96219782218243E3008CBA15 /* Release */ = {
			isa = XCBuildConfiguration;
			buildSettings = {
				ALWAYS_SEARCH_USER_PATHS = NO;
				CLANG_ANALYZER_NONNULL = YES;
				CLANG_ANALYZER_NUMBER_OBJECT_CONVERSION = YES_AGGRESSIVE;
				CLANG_CXX_LANGUAGE_STANDARD = "gnu++14";
				CLANG_CXX_LIBRARY = "libc++";
				CLANG_ENABLE_MODULES = YES;
				CLANG_ENABLE_OBJC_ARC = YES;
				CLANG_ENABLE_OBJC_WEAK = YES;
				CLANG_WARN_BLOCK_CAPTURE_AUTORELEASING = YES;
				CLANG_WARN_BOOL_CONVERSION = YES;
				CLANG_WARN_COMMA = YES;
				CLANG_WARN_CONSTANT_CONVERSION = YES;
				CLANG_WARN_DEPRECATED_OBJC_IMPLEMENTATIONS = YES;
				CLANG_WARN_DIRECT_OBJC_ISA_USAGE = YES_ERROR;
				CLANG_WARN_DOCUMENTATION_COMMENTS = YES;
				CLANG_WARN_EMPTY_BODY = YES;
				CLANG_WARN_ENUM_CONVERSION = YES;
				CLANG_WARN_INFINITE_RECURSION = YES;
				CLANG_WARN_INT_CONVERSION = YES;
				CLANG_WARN_NON_LITERAL_NULL_CONVERSION = YES;
				CLANG_WARN_OBJC_IMPLICIT_RETAIN_SELF = YES;
				CLANG_WARN_OBJC_LITERAL_CONVERSION = YES;
				CLANG_WARN_OBJC_ROOT_CLASS = YES_ERROR;
				CLANG_WARN_RANGE_LOOP_ANALYSIS = YES;
				CLANG_WARN_STRICT_PROTOTYPES = YES;
				CLANG_WARN_SUSPICIOUS_MOVE = YES;
				CLANG_WARN_UNGUARDED_AVAILABILITY = YES_AGGRESSIVE;
				CLANG_WARN_UNREACHABLE_CODE = YES;
				CLANG_WARN__DUPLICATE_METHOD_MATCH = YES;
				CODE_SIGN_IDENTITY = "iPhone Developer";
				COPY_PHASE_STRIP = NO;
				DEBUG_INFORMATION_FORMAT = "dwarf-with-dsym";
				ENABLE_NS_ASSERTIONS = NO;
				ENABLE_STRICT_OBJC_MSGSEND = YES;
				GCC_C_LANGUAGE_STANDARD = gnu11;
				GCC_NO_COMMON_BLOCKS = YES;
				GCC_WARN_64_TO_32_BIT_CONVERSION = YES;
				GCC_WARN_ABOUT_RETURN_TYPE = YES_ERROR;
				GCC_WARN_UNDECLARED_SELECTOR = YES;
				GCC_WARN_UNINITIALIZED_AUTOS = YES_AGGRESSIVE;
				GCC_WARN_UNUSED_FUNCTION = YES;
				GCC_WARN_UNUSED_VARIABLE = YES;
				IPHONEOS_DEPLOYMENT_TARGET = 12.0;
				MTL_ENABLE_DEBUG_INFO = NO;
				MTL_FAST_MATH = YES;
				SDKROOT = iphoneos;
				SWIFT_COMPILATION_MODE = wholemodule;
				SWIFT_OPTIMIZATION_LEVEL = "-O";
				VALIDATE_PRODUCT = YES;
			};
			name = Release;
		};
		96219784218243E3008CBA15 /* Debug */ = {
			isa = XCBuildConfiguration;
			buildSettings = {
				ASSETCATALOG_COMPILER_APPICON_NAME = AppIcon;
				CODE_SIGN_STYLE = Automatic;
				INFOPLIST_FILE = tipCalc/Info.plist;
				LD_RUNPATH_SEARCH_PATHS = (
					"$(inherited)",
					"@executable_path/Frameworks",
				);
				PRODUCT_BUNDLE_IDENTIFIER = com.ghee.tipCalc;
				PRODUCT_NAME = "$(TARGET_NAME)";
				SWIFT_VERSION = 4.2;
				TARGETED_DEVICE_FAMILY = "1,2";
			};
			name = Debug;
		};
		96219785218243E3008CBA15 /* Release */ = {
			isa = XCBuildConfiguration;
			buildSettings = {
				ASSETCATALOG_COMPILER_APPICON_NAME = AppIcon;
				CODE_SIGN_STYLE = Automatic;
				INFOPLIST_FILE = tipCalc/Info.plist;
				LD_RUNPATH_SEARCH_PATHS = (
					"$(inherited)",
					"@executable_path/Frameworks",
				);
				PRODUCT_BUNDLE_IDENTIFIER = com.ghee.tipCalc;
				PRODUCT_NAME = "$(TARGET_NAME)";
				SWIFT_VERSION = 4.2;
				TARGETED_DEVICE_FAMILY = "1,2";
			};
			name = Release;
		};
		96219787218243E3008CBA15 /* Debug */ = {
			isa = XCBuildConfiguration;
			buildSettings = {
				ALWAYS_EMBED_SWIFT_STANDARD_LIBRARIES = YES;
				BUNDLE_LOADER = "$(TEST_HOST)";
				CODE_SIGN_STYLE = Automatic;
				INFOPLIST_FILE = tipCalcTests/Info.plist;
				LD_RUNPATH_SEARCH_PATHS = (
					"$(inherited)",
					"@executable_path/Frameworks",
					"@loader_path/Frameworks",
				);
				PRODUCT_BUNDLE_IDENTIFIER = com.ghee.tipCalcTests;
				PRODUCT_NAME = "$(TARGET_NAME)";
				SWIFT_VERSION = 4.2;
				TARGETED_DEVICE_FAMILY = "1,2";
				TEST_HOST = "$(BUILT_PRODUCTS_DIR)/tipCalc.app/tipCalc";
			};
			name = Debug;
		};
		96219788218243E3008CBA15 /* Release */ = {
			isa = XCBuildConfiguration;
			buildSettings = {
				ALWAYS_EMBED_SWIFT_STANDARD_LIBRARIES = YES;
				BUNDLE_LOADER = "$(TEST_HOST)";
				CODE_SIGN_STYLE = Automatic;
				INFOPLIST_FILE = tipCalcTests/Info.plist;
				LD_RUNPATH_SEARCH_PATHS = (
					"$(inherited)",
					"@executable_path/Frameworks",
					"@loader_path/Frameworks",
				);
				PRODUCT_BUNDLE_IDENTIFIER = com.ghee.tipCalcTests;
				PRODUCT_NAME = "$(TARGET_NAME)";
				SWIFT_VERSION = 4.2;
				TARGETED_DEVICE_FAMILY = "1,2";
				TEST_HOST = "$(BUILT_PRODUCTS_DIR)/tipCalc.app/tipCalc";
			};
			name = Release;
		};
		9621978A218243E3008CBA15 /* Debug */ = {
			isa = XCBuildConfiguration;
			buildSettings = {
				ALWAYS_EMBED_SWIFT_STANDARD_LIBRARIES = YES;
				CODE_SIGN_STYLE = Automatic;
				INFOPLIST_FILE = tipCalcUITests/Info.plist;
				LD_RUNPATH_SEARCH_PATHS = (
					"$(inherited)",
					"@executable_path/Frameworks",
					"@loader_path/Frameworks",
				);
				PRODUCT_BUNDLE_IDENTIFIER = com.ghee.tipCalcUITests;
				PRODUCT_NAME = "$(TARGET_NAME)";
				SWIFT_VERSION = 4.2;
				TARGETED_DEVICE_FAMILY = "1,2";
				TEST_TARGET_NAME = tipCalc;
			};
			name = Debug;
		};
		9621978B218243E3008CBA15 /* Release */ = {
			isa = XCBuildConfiguration;
			buildSettings = {
				ALWAYS_EMBED_SWIFT_STANDARD_LIBRARIES = YES;
				CODE_SIGN_STYLE = Automatic;
				INFOPLIST_FILE = tipCalcUITests/Info.plist;
				LD_RUNPATH_SEARCH_PATHS = (
					"$(inherited)",
					"@executable_path/Frameworks",
					"@loader_path/Frameworks",
				);
				PRODUCT_BUNDLE_IDENTIFIER = com.ghee.tipCalcUITests;
				PRODUCT_NAME = "$(TARGET_NAME)";
				SWIFT_VERSION = 4.2;
				TARGETED_DEVICE_FAMILY = "1,2";
				TEST_TARGET_NAME = tipCalc;
			};
			name = Release;
		};
/* End XCBuildConfiguration section */

/* Begin XCConfigurationList section */
		96219756218243E1008CBA15 /* Build configuration list for PBXProject "tipCalc" */ = {
			isa = XCConfigurationList;
			buildConfigurations = (
				96219781218243E3008CBA15 /* Debug */,
				96219782218243E3008CBA15 /* Release */,
			);
			defaultConfigurationIsVisible = 0;
			defaultConfigurationName = Release;
		};
		96219783218243E3008CBA15 /* Build configuration list for PBXNativeTarget "tipCalc" */ = {
			isa = XCConfigurationList;
			buildConfigurations = (
				96219784218243E3008CBA15 /* Debug */,
				96219785218243E3008CBA15 /* Release */,
			);
			defaultConfigurationIsVisible = 0;
			defaultConfigurationName = Release;
		};
		96219786218243E3008CBA15 /* Build configuration list for PBXNativeTarget "tipCalcTests" */ = {
			isa = XCConfigurationList;
			buildConfigurations = (
				96219787218243E3008CBA15 /* Debug */,
				96219788218243E3008CBA15 /* Release */,
			);
			defaultConfigurationIsVisible = 0;
			defaultConfigurationName = Release;
		};
		96219789218243E3008CBA15 /* Build configuration list for PBXNativeTarget "tipCalcUITests" */ = {
			isa = XCConfigurationList;
			buildConfigurations = (
				9621978A218243E3008CBA15 /* Debug */,
				9621978B218243E3008CBA15 /* Release */,
			);
			defaultConfigurationIsVisible = 0;
			defaultConfigurationName = Release;
		};
/* End XCConfigurationList section */
	};
	rootObject = 96219753218243E1008CBA15 /* Project object */;
}
